// !$*UTF8*$!
{
	archiveVersion = 1;
	classes = {
	};
	objectVersion = 56;
	objects = {

/* Begin PBXBuildFile section */
		040B47B52BB1C118000F2DEE /* fuel.png in Resources */ = {isa = PBXBuildFile; fileRef = 040B47B32BB1C118000F2DEE /* fuel.png */; };
		040B47B62BB1C118000F2DEE /* energyBar.png in Resources */ = {isa = PBXBuildFile; fileRef = 040B47B42BB1C118000F2DEE /* energyBar.png */; };
		040B47BD2BB1C14B000F2DEE /* fireMove1.wav in Resources */ = {isa = PBXBuildFile; fileRef = 040B47B82BB1C14B000F2DEE /* fireMove1.wav */; };
		040B47BE2BB1C14B000F2DEE /* tailFireMove1.wav in Resources */ = {isa = PBXBuildFile; fileRef = 040B47B92BB1C14B000F2DEE /* tailFireMove1.wav */; };
		040B47BF2BB1C14B000F2DEE /* BackGrMusic.wav in Resources */ = {isa = PBXBuildFile; fileRef = 040B47BA2BB1C14B000F2DEE /* BackGrMusic.wav */; };
		040B47C02BB1C14B000F2DEE /* tailFireMove.wav in Resources */ = {isa = PBXBuildFile; fileRef = 040B47BB2BB1C14B000F2DEE /* tailFireMove.wav */; };
		040B47C12BB1C14B000F2DEE /* fireMove.wav in Resources */ = {isa = PBXBuildFile; fileRef = 040B47BC2BB1C14B000F2DEE /* fireMove.wav */; };
		040F99AC2B9D0CDD00F29CD7 /* Sears_Tower.ttf in Resources */ = {isa = PBXBuildFile; fileRef = 040F99AB2B9D0CDD00F29CD7 /* Sears_Tower.ttf */; };
		040F99B12B9D0DC600F29CD7 /* BackGr.png in Resources */ = {isa = PBXBuildFile; fileRef = 040F99B02B9D0DC600F29CD7 /* BackGr.png */; };
		040F99B92B9D0E1F00F29CD7 /* fire3.png in Resources */ = {isa = PBXBuildFile; fileRef = 040F99B32B9D0E1F00F29CD7 /* fire3.png */; };
		040F99BA2B9D0E1F00F29CD7 /* fire2.png in Resources */ = {isa = PBXBuildFile; fileRef = 040F99B42B9D0E1F00F29CD7 /* fire2.png */; };
		040F99BB2B9D0E1F00F29CD7 /* fire6.png in Resources */ = {isa = PBXBuildFile; fileRef = 040F99B52B9D0E1F00F29CD7 /* fire6.png */; };
		040F99BC2B9D0E1F00F29CD7 /* fire4.png in Resources */ = {isa = PBXBuildFile; fileRef = 040F99B62B9D0E1F00F29CD7 /* fire4.png */; };
		040F99BD2B9D0E1F00F29CD7 /* fire1.png in Resources */ = {isa = PBXBuildFile; fileRef = 040F99B72B9D0E1F00F29CD7 /* fire1.png */; };
		040F99BE2B9D0E1F00F29CD7 /* fire5.png in Resources */ = {isa = PBXBuildFile; fileRef = 040F99B82B9D0E1F00F29CD7 /* fire5.png */; };
		040F99C52B9D0E4A00F29CD7 /* Ball.png in Resources */ = {isa = PBXBuildFile; fileRef = 040F99C02B9D0E4A00F29CD7 /* Ball.png */; };
		040F99C62B9D0E4A00F29CD7 /* Block.png in Resources */ = {isa = PBXBuildFile; fileRef = 040F99C12B9D0E4A00F29CD7 /* Block.png */; };
		040F99C72B9D0E4A00F29CD7 /* dot.bmp in Resources */ = {isa = PBXBuildFile; fileRef = 040F99C22B9D0E4A00F29CD7 /* dot.bmp */; };
		040F99C82B9D0E4A00F29CD7 /* trap.png in Resources */ = {isa = PBXBuildFile; fileRef = 040F99C32B9D0E4A00F29CD7 /* trap.png */; };
		040F99C92B9D0E4A00F29CD7 /* tim.png in Resources */ = {isa = PBXBuildFile; fileRef = 040F99C42B9D0E4A00F29CD7 /* tim.png */; };
		040F99D02B9D0EAD00F29CD7 /* Replay.png in Resources */ = {isa = PBXBuildFile; fileRef = 040F99CC2B9D0EAD00F29CD7 /* Replay.png */; };
		040F99D12B9D0EAD00F29CD7 /* Exit.png in Resources */ = {isa = PBXBuildFile; fileRef = 040F99CD2B9D0EAD00F29CD7 /* Exit.png */; };
		040F99D22B9D0EAD00F29CD7 /* Pause.png in Resources */ = {isa = PBXBuildFile; fileRef = 040F99CE2B9D0EAD00F29CD7 /* Pause.png */; };
		040F99D32B9D0EAD00F29CD7 /* Play.png in Resources */ = {isa = PBXBuildFile; fileRef = 040F99CF2B9D0EAD00F29CD7 /* Play.png */; };
		040F99D52B9D0FA900F29CD7 /* GameOver.png in Resources */ = {isa = PBXBuildFile; fileRef = 040F99D42B9D0FA900F29CD7 /* GameOver.png */; };
		0458A5EE2B98C8800058B970 /* main.cpp in Sources */ = {isa = PBXBuildFile; fileRef = 0458A5EC2B98C8800058B970 /* main.cpp */; };
		0458A5F72B98C9100058B970 /* SDL2.framework in Frameworks */ = {isa = PBXBuildFile; fileRef = 0458A5F32B98C9100058B970 /* SDL2.framework */; };
		0458A5F82B98C9100058B970 /* SDL2.framework in Embed Frameworks */ = {isa = PBXBuildFile; fileRef = 0458A5F32B98C9100058B970 /* SDL2.framework */; settings = {ATTRIBUTES = (CodeSignOnCopy, RemoveHeadersOnCopy, ); }; };
		0458A5F92B98C9100058B970 /* SDL2_mixer.framework in Frameworks */ = {isa = PBXBuildFile; fileRef = 0458A5F42B98C9100058B970 /* SDL2_mixer.framework */; };
		0458A5FA2B98C9100058B970 /* SDL2_mixer.framework in Embed Frameworks */ = {isa = PBXBuildFile; fileRef = 0458A5F42B98C9100058B970 /* SDL2_mixer.framework */; settings = {ATTRIBUTES = (CodeSignOnCopy, RemoveHeadersOnCopy, ); }; };
		0458A5FB2B98C9100058B970 /* SDL2_ttf.framework in Frameworks */ = {isa = PBXBuildFile; fileRef = 0458A5F52B98C9100058B970 /* SDL2_ttf.framework */; };
		0458A5FC2B98C9100058B970 /* SDL2_ttf.framework in Embed Frameworks */ = {isa = PBXBuildFile; fileRef = 0458A5F52B98C9100058B970 /* SDL2_ttf.framework */; settings = {ATTRIBUTES = (CodeSignOnCopy, RemoveHeadersOnCopy, ); }; };
		0458A5FD2B98C9100058B970 /* SDL2_image.framework in Frameworks */ = {isa = PBXBuildFile; fileRef = 0458A5F62B98C9100058B970 /* SDL2_image.framework */; };
		0458A5FE2B98C9100058B970 /* SDL2_image.framework in Embed Frameworks */ = {isa = PBXBuildFile; fileRef = 0458A5F62B98C9100058B970 /* SDL2_image.framework */; settings = {ATTRIBUTES = (CodeSignOnCopy, RemoveHeadersOnCopy, ); }; };
/* End PBXBuildFile section */

/* Begin PBXCopyFilesBuildPhase section */
		0458A5FF2B98C9100058B970 /* Embed Frameworks */ = {
			isa = PBXCopyFilesBuildPhase;
			buildActionMask = 2147483647;
			dstPath = "";
			dstSubfolderSpec = 10;
			files = (
				0458A5F82B98C9100058B970 /* SDL2.framework in Embed Frameworks */,
				0458A5FC2B98C9100058B970 /* SDL2_ttf.framework in Embed Frameworks */,
				0458A5FA2B98C9100058B970 /* SDL2_mixer.framework in Embed Frameworks */,
				0458A5FE2B98C9100058B970 /* SDL2_image.framework in Embed Frameworks */,
			);
			name = "Embed Frameworks";
			runOnlyForDeploymentPostprocessing = 0;
		};
/* End PBXCopyFilesBuildPhase section */

/* Begin PBXFileReference section */
		040B47B02BB1C0C7000F2DEE /* ITEM.h */ = {isa = PBXFileReference; fileEncoding = 4; lastKnownFileType = sourcecode.c.h; path = ITEM.h; sourceTree = "<group>"; };
		040B47B32BB1C118000F2DEE /* fuel.png */ = {isa = PBXFileReference; lastKnownFileType = image.png; path = fuel.png; sourceTree = "<group>"; };
		040B47B42BB1C118000F2DEE /* energyBar.png */ = {isa = PBXFileReference; lastKnownFileType = image.png; path = energyBar.png; sourceTree = "<group>"; };
		040B47B82BB1C14B000F2DEE /* fireMove1.wav */ = {isa = PBXFileReference; lastKnownFileType = audio.wav; path = fireMove1.wav; sourceTree = "<group>"; };
		040B47B92BB1C14B000F2DEE /* tailFireMove1.wav */ = {isa = PBXFileReference; lastKnownFileType = audio.wav; path = tailFireMove1.wav; sourceTree = "<group>"; };
		040B47BA2BB1C14B000F2DEE /* BackGrMusic.wav */ = {isa = PBXFileReference; lastKnownFileType = audio.wav; path = BackGrMusic.wav; sourceTree = "<group>"; };
		040B47BB2BB1C14B000F2DEE /* tailFireMove.wav */ = {isa = PBXFileReference; lastKnownFileType = audio.wav; path = tailFireMove.wav; sourceTree = "<group>"; };
		040B47BC2BB1C14B000F2DEE /* fireMove.wav */ = {isa = PBXFileReference; lastKnownFileType = audio.wav; path = fireMove.wav; sourceTree = "<group>"; };
		040B47CA2BB1C6A2000F2DEE /* Game.h */ = {isa = PBXFileReference; fileEncoding = 4; lastKnownFileType = sourcecode.c.h; path = Game.h; sourceTree = "<group>"; };
		040B47CB2BB1C851000F2DEE /* BasicMode.h */ = {isa = PBXFileReference; lastKnownFileType = sourcecode.c.h; path = BasicMode.h; sourceTree = "<group>"; };
		040B47CC2BB1E67D000F2DEE /* Fuel.h */ = {isa = PBXFileReference; fileEncoding = 4; lastKnownFileType = sourcecode.c.h; path = Fuel.h; sourceTree = "<group>"; };
		040F99AB2B9D0CDD00F29CD7 /* Sears_Tower.ttf */ = {isa = PBXFileReference; lastKnownFileType = file; path = Sears_Tower.ttf; sourceTree = "<group>"; };
		040F99B02B9D0DC600F29CD7 /* BackGr.png */ = {isa = PBXFileReference; lastKnownFileType = image.png; path = BackGr.png; sourceTree = "<group>"; };
		040F99B32B9D0E1F00F29CD7 /* fire3.png */ = {isa = PBXFileReference; lastKnownFileType = image.png; path = fire3.png; sourceTree = "<group>"; };
		040F99B42B9D0E1F00F29CD7 /* fire2.png */ = {isa = PBXFileReference; lastKnownFileType = image.png; path = fire2.png; sourceTree = "<group>"; };
		040F99B52B9D0E1F00F29CD7 /* fire6.png */ = {isa = PBXFileReference; lastKnownFileType = image.png; path = fire6.png; sourceTree = "<group>"; };
		040F99B62B9D0E1F00F29CD7 /* fire4.png */ = {isa = PBXFileReference; lastKnownFileType = image.png; path = fire4.png; sourceTree = "<group>"; };
		040F99B72B9D0E1F00F29CD7 /* fire1.png */ = {isa = PBXFileReference; lastKnownFileType = image.png; path = fire1.png; sourceTree = "<group>"; };
		040F99B82B9D0E1F00F29CD7 /* fire5.png */ = {isa = PBXFileReference; lastKnownFileType = image.png; path = fire5.png; sourceTree = "<group>"; };
		040F99C02B9D0E4A00F29CD7 /* Ball.png */ = {isa = PBXFileReference; lastKnownFileType = image.png; path = Ball.png; sourceTree = "<group>"; };
		040F99C12B9D0E4A00F29CD7 /* Block.png */ = {isa = PBXFileReference; lastKnownFileType = image.png; path = Block.png; sourceTree = "<group>"; };
		040F99C22B9D0E4A00F29CD7 /* dot.bmp */ = {isa = PBXFileReference; lastKnownFileType = image.bmp; path = dot.bmp; sourceTree = "<group>"; };
		040F99C32B9D0E4A00F29CD7 /* trap.png */ = {isa = PBXFileReference; lastKnownFileType = image.png; path = trap.png; sourceTree = "<group>"; };
		040F99C42B9D0E4A00F29CD7 /* tim.png */ = {isa = PBXFileReference; lastKnownFileType = image.png; path = tim.png; sourceTree = "<group>"; };
		040F99CC2B9D0EAD00F29CD7 /* Replay.png */ = {isa = PBXFileReference; lastKnownFileType = image.png; path = Replay.png; sourceTree = "<group>"; };
		040F99CD2B9D0EAD00F29CD7 /* Exit.png */ = {isa = PBXFileReference; lastKnownFileType = image.png; path = Exit.png; sourceTree = "<group>"; };
		040F99CE2B9D0EAD00F29CD7 /* Pause.png */ = {isa = PBXFileReference; lastKnownFileType = image.png; path = Pause.png; sourceTree = "<group>"; };
		040F99CF2B9D0EAD00F29CD7 /* Play.png */ = {isa = PBXFileReference; lastKnownFileType = image.png; path = Play.png; sourceTree = "<group>"; };
		040F99D42B9D0FA900F29CD7 /* GameOver.png */ = {isa = PBXFileReference; lastKnownFileType = image.png; path = GameOver.png; sourceTree = "<group>"; };
		040F99D82B9D102600F29CD7 /* Block.h */ = {isa = PBXFileReference; fileEncoding = 4; lastKnownFileType = sourcecode.c.h; path = Block.h; sourceTree = "<group>"; };
		040F99D92B9D102600F29CD7 /* ball.h */ = {isa = PBXFileReference; fileEncoding = 4; lastKnownFileType = sourcecode.c.h; path = ball.h; sourceTree = "<group>"; };
		040F99DA2B9D102600F29CD7 /* Heart.h */ = {isa = PBXFileReference; fileEncoding = 4; lastKnownFileType = sourcecode.c.h; path = Heart.h; sourceTree = "<group>"; };
		040F99DB2B9D102600F29CD7 /* Trap.h */ = {isa = PBXFileReference; fileEncoding = 4; lastKnownFileType = sourcecode.c.h; path = Trap.h; sourceTree = "<group>"; };
		040F99DD2B9D10FE00F29CD7 /* CheckCollide.h */ = {isa = PBXFileReference; fileEncoding = 4; lastKnownFileType = sourcecode.c.h; path = CheckCollide.h; sourceTree = "<group>"; };
		040F99DE2B9D10FE00F29CD7 /* Header.h */ = {isa = PBXFileReference; fileEncoding = 4; lastKnownFileType = sourcecode.c.h; path = Header.h; sourceTree = "<group>"; };
		0458A5D92B98C86B0058B970 /* BongCuoi.app */ = {isa = PBXFileReference; explicitFileType = wrapper.application; includeInIndex = 0; path = BongCuoi.app; sourceTree = BUILT_PRODUCTS_DIR; };
		0458A5E62B98C86C0058B970 /* BongCuoi.entitlements */ = {isa = PBXFileReference; lastKnownFileType = text.plist.entitlements; path = BongCuoi.entitlements; sourceTree = "<group>"; };
		0458A5EC2B98C8800058B970 /* main.cpp */ = {isa = PBXFileReference; lastKnownFileType = sourcecode.cpp.cpp; path = main.cpp; sourceTree = "<group>"; };
		0458A5F32B98C9100058B970 /* SDL2.framework */ = {isa = PBXFileReference; lastKnownFileType = wrapper.framework; path = SDL2.framework; sourceTree = "<group>"; };
		0458A5F42B98C9100058B970 /* SDL2_mixer.framework */ = {isa = PBXFileReference; lastKnownFileType = wrapper.framework; path = SDL2_mixer.framework; sourceTree = "<group>"; };
		0458A5F52B98C9100058B970 /* SDL2_ttf.framework */ = {isa = PBXFileReference; lastKnownFileType = wrapper.framework; path = SDL2_ttf.framework; sourceTree = "<group>"; };
		0458A5F62B98C9100058B970 /* SDL2_image.framework */ = {isa = PBXFileReference; lastKnownFileType = wrapper.framework; path = SDL2_image.framework; sourceTree = "<group>"; };
		0469D9342BB4304E007305DE /* autoBall.h */ = {isa = PBXFileReference; lastKnownFileType = sourcecode.c.h; path = autoBall.h; sourceTree = "<group>"; };
		0469D9352BB44CA1007305DE /* defLTexture.h */ = {isa = PBXFileReference; fileEncoding = 4; lastKnownFileType = sourcecode.c.h; path = defLTexture.h; sourceTree = "<group>"; };
		0469D9362BB44CA1007305DE /* LTexture.h */ = {isa = PBXFileReference; fileEncoding = 4; lastKnownFileType = sourcecode.c.h; path = LTexture.h; sourceTree = "<group>"; };
		0469D9372BB44CE8007305DE /* def.h */ = {isa = PBXFileReference; fileEncoding = 4; lastKnownFileType = sourcecode.c.h; path = def.h; sourceTree = "<group>"; };
		0469D93E2BB4503C007305DE /* defMusic.h */ = {isa = PBXFileReference; fileEncoding = 4; lastKnownFileType = sourcecode.c.h; path = defMusic.h; sourceTree = "<group>"; };
		0469D9412BB4524C007305DE /* Pause.h */ = {isa = PBXFileReference; fileEncoding = 4; lastKnownFileType = sourcecode.c.h; path = Pause.h; sourceTree = "<group>"; };
/* End PBXFileReference section */

/* Begin PBXFrameworksBuildPhase section */
		0458A5D62B98C86B0058B970 /* Frameworks */ = {
			isa = PBXFrameworksBuildPhase;
			buildActionMask = 2147483647;
			files = (
				0458A5F72B98C9100058B970 /* SDL2.framework in Frameworks */,
				0458A5FB2B98C9100058B970 /* SDL2_ttf.framework in Frameworks */,
				0458A5F92B98C9100058B970 /* SDL2_mixer.framework in Frameworks */,
				0458A5FD2B98C9100058B970 /* SDL2_image.framework in Frameworks */,
			);
			runOnlyForDeploymentPostprocessing = 0;
		};
/* End PBXFrameworksBuildPhase section */

/* Begin PBXGroup section */
		040B47B72BB1C14B000F2DEE /* Audio */ = {
			isa = PBXGroup;
			children = (
				040B47B82BB1C14B000F2DEE /* fireMove1.wav */,
				040B47B92BB1C14B000F2DEE /* tailFireMove1.wav */,
				040B47BA2BB1C14B000F2DEE /* BackGrMusic.wav */,
				040B47BB2BB1C14B000F2DEE /* tailFireMove.wav */,
				040B47BC2BB1C14B000F2DEE /* fireMove.wav */,
			);
			path = Audio;
			sourceTree = "<group>";
		};
		040F99AF2B9D0DA100F29CD7 /* Image */ = {
			isa = PBXGroup;
			children = (
				040F99D42B9D0FA900F29CD7 /* GameOver.png */,
				040F99CB2B9D0E7300F29CD7 /* Control */,
				040F99BF2B9D0E2B00F29CD7 /* Item */,
				040F99B22B9D0DD800F29CD7 /* Fire */,
				040F99B02B9D0DC600F29CD7 /* BackGr.png */,
			);
			path = Image;
			sourceTree = "<group>";
		};
		040F99B22B9D0DD800F29CD7 /* Fire */ = {
			isa = PBXGroup;
			children = (
				040F99B72B9D0E1F00F29CD7 /* fire1.png */,
				040F99B42B9D0E1F00F29CD7 /* fire2.png */,
				040F99B32B9D0E1F00F29CD7 /* fire3.png */,
				040F99B62B9D0E1F00F29CD7 /* fire4.png */,
				040F99B82B9D0E1F00F29CD7 /* fire5.png */,
				040F99B52B9D0E1F00F29CD7 /* fire6.png */,
			);
			path = Fire;
			sourceTree = "<group>";
		};
		040F99BF2B9D0E2B00F29CD7 /* Item */ = {
			isa = PBXGroup;
			children = (
				040B47B42BB1C118000F2DEE /* energyBar.png */,
				040B47B32BB1C118000F2DEE /* fuel.png */,
				040F99C02B9D0E4A00F29CD7 /* Ball.png */,
				040F99C12B9D0E4A00F29CD7 /* Block.png */,
				040F99C22B9D0E4A00F29CD7 /* dot.bmp */,
				040F99C42B9D0E4A00F29CD7 /* tim.png */,
				040F99C32B9D0E4A00F29CD7 /* trap.png */,
			);
			path = Item;
			sourceTree = "<group>";
		};
		040F99CB2B9D0E7300F29CD7 /* Control */ = {
			isa = PBXGroup;
			children = (
				040F99CD2B9D0EAD00F29CD7 /* Exit.png */,
				040F99CE2B9D0EAD00F29CD7 /* Pause.png */,
				040F99CF2B9D0EAD00F29CD7 /* Play.png */,
				040F99CC2B9D0EAD00F29CD7 /* Replay.png */,
			);
			path = Control;
			sourceTree = "<group>";
		};
		040F99D62B9D0FD700F29CD7 /* Header */ = {
			isa = PBXGroup;
			children = (
				0469D9412BB4524C007305DE /* Pause.h */,
				0469D93E2BB4503C007305DE /* defMusic.h */,
				0469D9372BB44CE8007305DE /* def.h */,
				0469D9352BB44CA1007305DE /* defLTexture.h */,
				0469D9362BB44CA1007305DE /* LTexture.h */,
				040B47CB2BB1C851000F2DEE /* BasicMode.h */,
				040B47CA2BB1C6A2000F2DEE /* Game.h */,
				040F99DD2B9D10FE00F29CD7 /* CheckCollide.h */,
				040F99DE2B9D10FE00F29CD7 /* Header.h */,
				040F99D72B9D0FE000F29CD7 /* ITEM */,
			);
			path = Header;
			sourceTree = "<group>";
		};
		040F99D72B9D0FE000F29CD7 /* ITEM */ = {
			isa = PBXGroup;
			children = (
				040B47CC2BB1E67D000F2DEE /* Fuel.h */,
				040B47B02BB1C0C7000F2DEE /* ITEM.h */,
				040F99D92B9D102600F29CD7 /* ball.h */,
				040F99D82B9D102600F29CD7 /* Block.h */,
				040F99DA2B9D102600F29CD7 /* Heart.h */,
				040F99DB2B9D102600F29CD7 /* Trap.h */,
				0469D9342BB4304E007305DE /* autoBall.h */,
			);
			path = ITEM;
			sourceTree = "<group>";
		};
		0458A5D02B98C86B0058B970 = {
			isa = PBXGroup;
			children = (
				0458A5DB2B98C86B0058B970 /* BongCuoi */,
				0458A5DA2B98C86B0058B970 /* Products */,
				0458A5F22B98C9100058B970 /* Frameworks */,
			);
			sourceTree = "<group>";
		};
		0458A5DA2B98C86B0058B970 /* Products */ = {
			isa = PBXGroup;
			children = (
				0458A5D92B98C86B0058B970 /* BongCuoi.app */,
			);
			name = Products;
			sourceTree = "<group>";
		};
		0458A5DB2B98C86B0058B970 /* BongCuoi */ = {
			isa = PBXGroup;
			children = (
				040B47B72BB1C14B000F2DEE /* Audio */,
				040F99D62B9D0FD700F29CD7 /* Header */,
				040F99AF2B9D0DA100F29CD7 /* Image */,
				0458A5EC2B98C8800058B970 /* main.cpp */,
				040F99AB2B9D0CDD00F29CD7 /* Sears_Tower.ttf */,
				0458A5E62B98C86C0058B970 /* BongCuoi.entitlements */,
			);
			path = BongCuoi;
			sourceTree = "<group>";
		};
		0458A5F22B98C9100058B970 /* Frameworks */ = {
			isa = PBXGroup;
			children = (
				0458A5F62B98C9100058B970 /* SDL2_image.framework */,
				0458A5F42B98C9100058B970 /* SDL2_mixer.framework */,
				0458A5F52B98C9100058B970 /* SDL2_ttf.framework */,
				0458A5F32B98C9100058B970 /* SDL2.framework */,
			);
			name = Frameworks;
			sourceTree = "<group>";
		};
/* End PBXGroup section */

/* Begin PBXNativeTarget section */
		0458A5D82B98C86B0058B970 /* BongCuoi */ = {
			isa = PBXNativeTarget;
			buildConfigurationList = 0458A5E92B98C86C0058B970 /* Build configuration list for PBXNativeTarget "BongCuoi" */;
			buildPhases = (
				0458A5D52B98C86B0058B970 /* Sources */,
				0458A5D62B98C86B0058B970 /* Frameworks */,
				0458A5D72B98C86B0058B970 /* Resources */,
				0458A5FF2B98C9100058B970 /* Embed Frameworks */,
			);
			buildRules = (
			);
			dependencies = (
			);
			name = BongCuoi;
			productName = BongCuoi;
			productReference = 0458A5D92B98C86B0058B970 /* BongCuoi.app */;
			productType = "com.apple.product-type.application";
		};
/* End PBXNativeTarget section */

/* Begin PBXProject section */
		0458A5D12B98C86B0058B970 /* Project object */ = {
			isa = PBXProject;
			attributes = {
				BuildIndependentTargetsInParallel = 1;
				LastUpgradeCheck = 1500;
				TargetAttributes = {
					0458A5D82B98C86B0058B970 = {
						CreatedOnToolsVersion = 15.0;
					};
				};
			};
			buildConfigurationList = 0458A5D42B98C86B0058B970 /* Build configuration list for PBXProject "BongCuoi" */;
			compatibilityVersion = "Xcode 14.0";
			developmentRegion = en;
			hasScannedForEncodings = 0;
			knownRegions = (
				en,
				Base,
			);
			mainGroup = 0458A5D02B98C86B0058B970;
			productRefGroup = 0458A5DA2B98C86B0058B970 /* Products */;
			projectDirPath = "";
			projectRoot = "";
			targets = (
				0458A5D82B98C86B0058B970 /* BongCuoi */,
			);
		};
/* End PBXProject section */

/* Begin PBXResourcesBuildPhase section */
		0458A5D72B98C86B0058B970 /* Resources */ = {
			isa = PBXResourcesBuildPhase;
			buildActionMask = 2147483647;
			files = (
				040F99C52B9D0E4A00F29CD7 /* Ball.png in Resources */,
				040F99BA2B9D0E1F00F29CD7 /* fire2.png in Resources */,
				040F99C82B9D0E4A00F29CD7 /* trap.png in Resources */,
				040B47BE2BB1C14B000F2DEE /* tailFireMove1.wav in Resources */,
				040F99C62B9D0E4A00F29CD7 /* Block.png in Resources */,
				040F99B92B9D0E1F00F29CD7 /* fire3.png in Resources */,
				040F99D22B9D0EAD00F29CD7 /* Pause.png in Resources */,
				040F99C72B9D0E4A00F29CD7 /* dot.bmp in Resources */,
				040B47B62BB1C118000F2DEE /* energyBar.png in Resources */,
				040F99D32B9D0EAD00F29CD7 /* Play.png in Resources */,
				040F99BB2B9D0E1F00F29CD7 /* fire6.png in Resources */,
				040F99BD2B9D0E1F00F29CD7 /* fire1.png in Resources */,
				040F99C92B9D0E4A00F29CD7 /* tim.png in Resources */,
				040F99BE2B9D0E1F00F29CD7 /* fire5.png in Resources */,
				040B47B52BB1C118000F2DEE /* fuel.png in Resources */,
				040F99BC2B9D0E1F00F29CD7 /* fire4.png in Resources */,
				040B47BD2BB1C14B000F2DEE /* fireMove1.wav in Resources */,
				040F99D52B9D0FA900F29CD7 /* GameOver.png in Resources */,
				040F99D02B9D0EAD00F29CD7 /* Replay.png in Resources */,
				040B47C02BB1C14B000F2DEE /* tailFireMove.wav in Resources */,
				040F99AC2B9D0CDD00F29CD7 /* Sears_Tower.ttf in Resources */,
				040B47C12BB1C14B000F2DEE /* fireMove.wav in Resources */,
				040B47BF2BB1C14B000F2DEE /* BackGrMusic.wav in Resources */,
				040F99B12B9D0DC600F29CD7 /* BackGr.png in Resources */,
				040F99D12B9D0EAD00F29CD7 /* Exit.png in Resources */,
			);
			runOnlyForDeploymentPostprocessing = 0;
		};
/* End PBXResourcesBuildPhase section */

/* Begin PBXSourcesBuildPhase section */
		0458A5D52B98C86B0058B970 /* Sources */ = {
			isa = PBXSourcesBuildPhase;
			buildActionMask = 2147483647;
			files = (
				0458A5EE2B98C8800058B970 /* main.cpp in Sources */,
			);
			runOnlyForDeploymentPostprocessing = 0;
		};
/* End PBXSourcesBuildPhase section */

/* Begin XCBuildConfiguration section */
		0458A5E72B98C86C0058B970 /* Debug */ = {
			isa = XCBuildConfiguration;
			buildSettings = {
				ALWAYS_SEARCH_USER_PATHS = NO;
				ASSETCATALOG_COMPILER_GENERATE_SWIFT_ASSET_SYMBOL_EXTENSIONS = YES;
				CLANG_ANALYZER_NONNULL = YES;
				CLANG_ANALYZER_NUMBER_OBJECT_CONVERSION = YES_AGGRESSIVE;
				CLANG_CXX_LANGUAGE_STANDARD = "gnu++20";
				CLANG_ENABLE_MODULES = YES;
				CLANG_ENABLE_OBJC_ARC = YES;
				CLANG_ENABLE_OBJC_WEAK = YES;
				CLANG_WARN_BLOCK_CAPTURE_AUTORELEASING = YES;
				CLANG_WARN_BOOL_CONVERSION = YES;
				CLANG_WARN_COMMA = YES;
				CLANG_WARN_CONSTANT_CONVERSION = YES;
				CLANG_WARN_DEPRECATED_OBJC_IMPLEMENTATIONS = YES;
				CLANG_WARN_DIRECT_OBJC_ISA_USAGE = YES_ERROR;
				CLANG_WARN_DOCUMENTATION_COMMENTS = YES;
				CLANG_WARN_EMPTY_BODY = YES;
				CLANG_WARN_ENUM_CONVERSION = YES;
				CLANG_WARN_INFINITE_RECURSION = YES;
				CLANG_WARN_INT_CONVERSION = YES;
				CLANG_WARN_NON_LITERAL_NULL_CONVERSION = YES;
				CLANG_WARN_OBJC_IMPLICIT_RETAIN_SELF = YES;
				CLANG_WARN_OBJC_LITERAL_CONVERSION = YES;
				CLANG_WARN_OBJC_ROOT_CLASS = YES_ERROR;
				CLANG_WARN_QUOTED_INCLUDE_IN_FRAMEWORK_HEADER = YES;
				CLANG_WARN_RANGE_LOOP_ANALYSIS = YES;
				CLANG_WARN_STRICT_PROTOTYPES = YES;
				CLANG_WARN_SUSPICIOUS_MOVE = YES;
				CLANG_WARN_UNGUARDED_AVAILABILITY = YES_AGGRESSIVE;
				CLANG_WARN_UNREACHABLE_CODE = YES;
				CLANG_WARN__DUPLICATE_METHOD_MATCH = YES;
				COPY_PHASE_STRIP = NO;
				DEBUG_INFORMATION_FORMAT = dwarf;
				ENABLE_STRICT_OBJC_MSGSEND = YES;
				ENABLE_TESTABILITY = YES;
				ENABLE_USER_SCRIPT_SANDBOXING = YES;
				GCC_C_LANGUAGE_STANDARD = gnu17;
				GCC_DYNAMIC_NO_PIC = NO;
				GCC_NO_COMMON_BLOCKS = YES;
				GCC_OPTIMIZATION_LEVEL = 0;
				GCC_PREPROCESSOR_DEFINITIONS = (
					"DEBUG=1",
					"$(inherited)",
				);
				GCC_WARN_64_TO_32_BIT_CONVERSION = YES;
				GCC_WARN_ABOUT_RETURN_TYPE = YES_ERROR;
				GCC_WARN_UNDECLARED_SELECTOR = YES;
				GCC_WARN_UNINITIALIZED_AUTOS = YES_AGGRESSIVE;
				GCC_WARN_UNUSED_FUNCTION = YES;
				GCC_WARN_UNUSED_VARIABLE = YES;
				LOCALIZATION_PREFERS_STRING_CATALOGS = YES;
				MACOSX_DEPLOYMENT_TARGET = 13.5;
				MTL_ENABLE_DEBUG_INFO = INCLUDE_SOURCE;
				MTL_FAST_MATH = YES;
				ONLY_ACTIVE_ARCH = YES;
				SDKROOT = macosx;
			};
			name = Debug;
		};
		0458A5E82B98C86C0058B970 /* Release */ = {
			isa = XCBuildConfiguration;
			buildSettings = {
				ALWAYS_SEARCH_USER_PATHS = NO;
				ASSETCATALOG_COMPILER_GENERATE_SWIFT_ASSET_SYMBOL_EXTENSIONS = YES;
				CLANG_ANALYZER_NONNULL = YES;
				CLANG_ANALYZER_NUMBER_OBJECT_CONVERSION = YES_AGGRESSIVE;
				CLANG_CXX_LANGUAGE_STANDARD = "gnu++20";
				CLANG_ENABLE_MODULES = YES;
				CLANG_ENABLE_OBJC_ARC = YES;
				CLANG_ENABLE_OBJC_WEAK = YES;
				CLANG_WARN_BLOCK_CAPTURE_AUTORELEASING = YES;
				CLANG_WARN_BOOL_CONVERSION = YES;
				CLANG_WARN_COMMA = YES;
				CLANG_WARN_CONSTANT_CONVERSION = YES;
				CLANG_WARN_DEPRECATED_OBJC_IMPLEMENTATIONS = YES;
				CLANG_WARN_DIRECT_OBJC_ISA_USAGE = YES_ERROR;
				CLANG_WARN_DOCUMENTATION_COMMENTS = YES;
				CLANG_WARN_EMPTY_BODY = YES;
				CLANG_WARN_ENUM_CONVERSION = YES;
				CLANG_WARN_INFINITE_RECURSION = YES;
				CLANG_WARN_INT_CONVERSION = YES;
				CLANG_WARN_NON_LITERAL_NULL_CONVERSION = YES;
				CLANG_WARN_OBJC_IMPLICIT_RETAIN_SELF = YES;
				CLANG_WARN_OBJC_LITERAL_CONVERSION = YES;
				CLANG_WARN_OBJC_ROOT_CLASS = YES_ERROR;
				CLANG_WARN_QUOTED_INCLUDE_IN_FRAMEWORK_HEADER = YES;
				CLANG_WARN_RANGE_LOOP_ANALYSIS = YES;
				CLANG_WARN_STRICT_PROTOTYPES = YES;
				CLANG_WARN_SUSPICIOUS_MOVE = YES;
				CLANG_WARN_UNGUARDED_AVAILABILITY = YES_AGGRESSIVE;
				CLANG_WARN_UNREACHABLE_CODE = YES;
				CLANG_WARN__DUPLICATE_METHOD_MATCH = YES;
				COPY_PHASE_STRIP = NO;
				DEBUG_INFORMATION_FORMAT = "dwarf-with-dsym";
				ENABLE_NS_ASSERTIONS = NO;
				ENABLE_STRICT_OBJC_MSGSEND = YES;
				ENABLE_USER_SCRIPT_SANDBOXING = YES;
				GCC_C_LANGUAGE_STANDARD = gnu17;
				GCC_NO_COMMON_BLOCKS = YES;
				GCC_WARN_64_TO_32_BIT_CONVERSION = YES;
				GCC_WARN_ABOUT_RETURN_TYPE = YES_ERROR;
				GCC_WARN_UNDECLARED_SELECTOR = YES;
				GCC_WARN_UNINITIALIZED_AUTOS = YES_AGGRESSIVE;
				GCC_WARN_UNUSED_FUNCTION = YES;
				GCC_WARN_UNUSED_VARIABLE = YES;
				LOCALIZATION_PREFERS_STRING_CATALOGS = YES;
				MACOSX_DEPLOYMENT_TARGET = 13.5;
				MTL_ENABLE_DEBUG_INFO = NO;
				MTL_FAST_MATH = YES;
				SDKROOT = macosx;
			};
			name = Release;
		};
		0458A5EA2B98C86C0058B970 /* Debug */ = {
			isa = XCBuildConfiguration;
			buildSettings = {
				ASSETCATALOG_COMPILER_APPICON_NAME = AppIcon;
				ASSETCATALOG_COMPILER_GLOBAL_ACCENT_COLOR_NAME = AccentColor;
				CODE_SIGN_ENTITLEMENTS = BongCuoi/BongCuoi.entitlements;
				CODE_SIGN_STYLE = Automatic;
				COMBINE_HIDPI_IMAGES = YES;
				CURRENT_PROJECT_VERSION = 1;
				DEVELOPMENT_TEAM = 6PW3G5AQA3;
				ENABLE_HARDENED_RUNTIME = YES;
				FRAMEWORK_SEARCH_PATHS = (
					"$(inherited)",
					"$(PROJECT_DIR)",
				);
				GENERATE_INFOPLIST_FILE = YES;
				INFOPLIST_KEY_NSHumanReadableCopyright = "";
				INFOPLIST_KEY_NSMainNibFile = MainMenu;
				INFOPLIST_KEY_NSPrincipalClass = NSApplication;
				LD_RUNPATH_SEARCH_PATHS = (
					"$(inherited)",
					"@executable_path/../Frameworks",
				);
				MARKETING_VERSION = 1.0;
				PRODUCT_BUNDLE_IDENTIFIER = "Phan-Tho.BongCuoi";
				PRODUCT_NAME = "$(TARGET_NAME)";
				SWIFT_EMIT_LOC_STRINGS = YES;
			};
			name = Debug;
		};
		0458A5EB2B98C86C0058B970 /* Release */ = {
			isa = XCBuildConfiguration;
			buildSettings = {
				ASSETCATALOG_COMPILER_APPICON_NAME = AppIcon;
				ASSETCATALOG_COMPILER_GLOBAL_ACCENT_COLOR_NAME = AccentColor;
				CODE_SIGN_ENTITLEMENTS = BongCuoi/BongCuoi.entitlements;
				CODE_SIGN_STYLE = Automatic;
				COMBINE_HIDPI_IMAGES = YES;
				CURRENT_PROJECT_VERSION = 1;
				DEVELOPMENT_TEAM = 6PW3G5AQA3;
				ENABLE_HARDENED_RUNTIME = YES;
				FRAMEWORK_SEARCH_PATHS = (
					"$(inherited)",
					"$(PROJECT_DIR)",
				);
				GENERATE_INFOPLIST_FILE = YES;
				INFOPLIST_KEY_NSHumanReadableCopyright = "";
				INFOPLIST_KEY_NSMainNibFile = MainMenu;
				INFOPLIST_KEY_NSPrincipalClass = NSApplication;
				LD_RUNPATH_SEARCH_PATHS = (
					"$(inherited)",
					"@executable_path/../Frameworks",
				);
				MARKETING_VERSION = 1.0;
				PRODUCT_BUNDLE_IDENTIFIER = "Phan-Tho.BongCuoi";
				PRODUCT_NAME = "$(TARGET_NAME)";
				SWIFT_EMIT_LOC_STRINGS = YES;
			};
			name = Release;
		};
/* End XCBuildConfiguration section */

/* Begin XCConfigurationList section */
		0458A5D42B98C86B0058B970 /* Build configuration list for PBXProject "BongCuoi" */ = {
			isa = XCConfigurationList;
			buildConfigurations = (
				0458A5E72B98C86C0058B970 /* Debug */,
				0458A5E82B98C86C0058B970 /* Release */,
			);
			defaultConfigurationIsVisible = 0;
			defaultConfigurationName = Release;
		};
		0458A5E92B98C86C0058B970 /* Build configuration list for PBXNativeTarget "BongCuoi" */ = {
			isa = XCConfigurationList;
			buildConfigurations = (
				0458A5EA2B98C86C0058B970 /* Debug */,
				0458A5EB2B98C86C0058B970 /* Release */,
			);
			defaultConfigurationIsVisible = 0;
			defaultConfigurationName = Release;
		};
/* End XCConfigurationList section */
	};
	rootObject = 0458A5D12B98C86B0058B970 /* Project object */;
}
